// !$*UTF8*$!
{
	archiveVersion = 1;
	classes = {
	};
	objectVersion = 50;
	objects = {

/* Begin PBXBuildFile section */
		EEFC84B423EABB27000ECAF8 /* AppDelegate.swift in Sources */ = {isa = PBXBuildFile; fileRef = EEFC84B323EABB27000ECAF8 /* AppDelegate.swift */; };
		EEFC84B623EABB27000ECAF8 /* SceneDelegate.swift in Sources */ = {isa = PBXBuildFile; fileRef = EEFC84B523EABB27000ECAF8 /* SceneDelegate.swift */; };
		EEFC84B823EABB27000ECAF8 /* ViewController.swift in Sources */ = {isa = PBXBuildFile; fileRef = EEFC84B723EABB27000ECAF8 /* ViewController.swift */; };
		EEFC84BB23EABB27000ECAF8 /* Main.storyboard in Resources */ = {isa = PBXBuildFile; fileRef = EEFC84B923EABB27000ECAF8 /* Main.storyboard */; };
		EEFC84BD23EABB2C000ECAF8 /* Assets.xcassets in Resources */ = {isa = PBXBuildFile; fileRef = EEFC84BC23EABB2C000ECAF8 /* Assets.xcassets */; };
		EEFC84C023EABB2C000ECAF8 /* LaunchScreen.storyboard in Resources */ = {isa = PBXBuildFile; fileRef = EEFC84BE23EABB2C000ECAF8 /* LaunchScreen.storyboard */; };
/* End PBXBuildFile section */

/* Begin PBXFileReference section */
		EEFC84B023EABB27000ECAF8 /* NaviagtionDrawer(SlideInTransition).app */ = {isa = PBXFileReference; explicitFileType = wrapper.application; includeInIndex = 0; path = "NaviagtionDrawer(SlideInTransition).app"; sourceTree = BUILT_PRODUCTS_DIR; };
		EEFC84B323EABB27000ECAF8 /* AppDelegate.swift */ = {isa = PBXFileReference; lastKnownFileType = sourcecode.swift; path = AppDelegate.swift; sourceTree = "<group>"; };
		EEFC84B523EABB27000ECAF8 /* SceneDelegate.swift */ = {isa = PBXFileReference; lastKnownFileType = sourcecode.swift; path = SceneDelegate.swift; sourceTree = "<group>"; };
		EEFC84B723EABB27000ECAF8 /* ViewController.swift */ = {isa = PBXFileReference; lastKnownFileType = sourcecode.swift; path = ViewController.swift; sourceTree = "<group>"; };
		EEFC84BA23EABB27000ECAF8 /* Base */ = {isa = PBXFileReference; lastKnownFileType = file.storyboard; name = Base; path = Base.lproj/Main.storyboard; sourceTree = "<group>"; };
		EEFC84BC23EABB2C000ECAF8 /* Assets.xcassets */ = {isa = PBXFileReference; lastKnownFileType = folder.assetcatalog; path = Assets.xcassets; sourceTree = "<group>"; };
		EEFC84BF23EABB2C000ECAF8 /* Base */ = {isa = PBXFileReference; lastKnownFileType = file.storyboard; name = Base; path = Base.lproj/LaunchScreen.storyboard; sourceTree = "<group>"; };
		EEFC84C123EABB2C000ECAF8 /* Info.plist */ = {isa = PBXFileReference; lastKnownFileType = text.plist.xml; path = Info.plist; sourceTree = "<group>"; };
/* End PBXFileReference section */

/* Begin PBXFrameworksBuildPhase section */
		EEFC84AD23EABB27000ECAF8 /* Frameworks */ = {
			isa = PBXFrameworksBuildPhase;
			buildActionMask = 2147483647;
			files = (
			);
			runOnlyForDeploymentPostprocessing = 0;
		};
/* End PBXFrameworksBuildPhase section */

/* Begin PBXGroup section */
		EEFC84A723EABB26000ECAF8 = {
			isa = PBXGroup;
			children = (
				EEFC84B223EABB27000ECAF8 /* NaviagtionDrawer(SlideInTransition) */,
				EEFC84B123EABB27000ECAF8 /* Products */,
			);
			sourceTree = "<group>";
		};
		EEFC84B123EABB27000ECAF8 /* Products */ = {
			isa = PBXGroup;
			children = (
				EEFC84B023EABB27000ECAF8 /* NaviagtionDrawer(SlideInTransition).app */,
			);
			name = Products;
			sourceTree = "<group>";
		};
		EEFC84B223EABB27000ECAF8 /* NaviagtionDrawer(SlideInTransition) */ = {
			isa = PBXGroup;
			children = (
				EEFC84B323EABB27000ECAF8 /* AppDelegate.swift */,
				EEFC84B523EABB27000ECAF8 /* SceneDelegate.swift */,
				EEFC84B723EABB27000ECAF8 /* ViewController.swift */,
				EEFC84B923EABB27000ECAF8 /* Main.storyboard */,
				EEFC84BC23EABB2C000ECAF8 /* Assets.xcassets */,
				EEFC84BE23EABB2C000ECAF8 /* LaunchScreen.storyboard */,
				EEFC84C123EABB2C000ECAF8 /* Info.plist */,
			);
			path = "NaviagtionDrawer(SlideInTransition)";
			sourceTree = "<group>";
		};
/* End PBXGroup section */

/* Begin PBXNativeTarget section */
		EEFC84AF23EABB27000ECAF8 /* NaviagtionDrawer(SlideInTransition) */ = {
			isa = PBXNativeTarget;
			buildConfigurationList = EEFC84C423EABB2C000ECAF8 /* Build configuration list for PBXNativeTarget "NaviagtionDrawer(SlideInTransition)" */;
			buildPhases = (
				EEFC84AC23EABB27000ECAF8 /* Sources */,
				EEFC84AD23EABB27000ECAF8 /* Frameworks */,
				EEFC84AE23EABB27000ECAF8 /* Resources */,
			);
			buildRules = (
			);
			dependencies = (
			);
			name = "NaviagtionDrawer(SlideInTransition)";
			productName = "NaviagtionDrawer(SlideInTransition)";
			productReference = EEFC84B023EABB27000ECAF8 /* NaviagtionDrawer(SlideInTransition).app */;
			productType = "com.apple.product-type.application";
		};
/* End PBXNativeTarget section */

/* Begin PBXProject section */
		EEFC84A823EABB26000ECAF8 /* Project object */ = {
			isa = PBXProject;
			attributes = {
				LastSwiftUpdateCheck = 1130;
				LastUpgradeCheck = 1130;
				ORGANIZATIONNAME = "JOEL CRAWFORD";
				TargetAttributes = {
					EEFC84AF23EABB27000ECAF8 = {
						CreatedOnToolsVersion = 11.3.1;
					};
				};
			};
			buildConfigurationList = EEFC84AB23EABB26000ECAF8 /* Build configuration list for PBXProject "NaviagtionDrawer(SlideInTransition)" */;
			compatibilityVersion = "Xcode 9.3";
			developmentRegion = en;
			hasScannedForEncodings = 0;
			knownRegions = (
				en,
				Base,
			);
			mainGroup = EEFC84A723EABB26000ECAF8;
			productRefGroup = EEFC84B123EABB27000ECAF8 /* Products */;
			projectDirPath = "";
			projectRoot = "";
			targets = (
				EEFC84AF23EABB27000ECAF8 /* NaviagtionDrawer(SlideInTransition) */,
			);
		};
/* End PBXProject section */

/* Begin PBXResourcesBuildPhase section */
		EEFC84AE23EABB27000ECAF8 /* Resources */ = {
			isa = PBXResourcesBuildPhase;
			buildActionMask = 2147483647;
			files = (
				EEFC84C023EABB2C000ECAF8 /* LaunchScreen.storyboard in Resources */,
				EEFC84BD23EABB2C000ECAF8 /* Assets.xcassets in Resources */,
				EEFC84BB23EABB27000ECAF8 /* Main.storyboard in Resources */,
			);
			runOnlyForDeploymentPostprocessing = 0;
		};
/* End PBXResourcesBuildPhase section */

/* Begin PBXSourcesBuildPhase section */
		EEFC84AC23EABB27000ECAF8 /* Sources */ = {
			isa = PBXSourcesBuildPhase;
			buildActionMask = 2147483647;
			files = (
				EEFC84B823EABB27000ECAF8 /* ViewController.swift in Sources */,
				EEFC84B423EABB27000ECAF8 /* AppDelegate.swift in Sources */,
				EEFC84B623EABB27000ECAF8 /* SceneDelegate.swift in Sources */,
			);
			runOnlyForDeploymentPostprocessing = 0;
		};
/* End PBXSourcesBuildPhase section */

/* Begin PBXVariantGroup section */
		EEFC84B923EABB27000ECAF8 /* Main.storyboard */ = {
			isa = PBXVariantGroup;
			children = (
				EEFC84BA23EABB27000ECAF8 /* Base */,
			);
			name = Main.storyboard;
			sourceTree = "<group>";
		};
		EEFC84BE23EABB2C000ECAF8 /* LaunchScreen.storyboard */ = {
			isa = PBXVariantGroup;
			children = (
				EEFC84BF23EABB2C000ECAF8 /* Base */,
			);
			name = LaunchScreen.storyboard;
			sourceTree = "<group>";
		};
/* End PBXVariantGroup section */

/* Begin XCBuildConfiguration section */
		EEFC84C223EABB2C000ECAF8 /* Debug */ = {
			isa = XCBuildConfiguration;
			buildSettings = {
				ALWAYS_SEARCH_USER_PATHS = NO;
				CLANG_ANALYZER_NONNULL = YES;
				CLANG_ANALYZER_NUMBER_OBJECT_CONVERSION = YES_AGGRESSIVE;
				CLANG_CXX_LANGUAGE_STANDARD = "gnu++14";
				CLANG_CXX_LIBRARY = "libc++";
				CLANG_ENABLE_MODULES = YES;
				CLANG_ENABLE_OBJC_ARC = YES;
				CLANG_ENABLE_OBJC_WEAK = YES;
				CLANG_WARN_BLOCK_CAPTURE_AUTORELEASING = YES;
				CLANG_WARN_BOOL_CONVERSION = YES;
				CLANG_WARN_COMMA = YES;
				CLANG_WARN_CONSTANT_CONVERSION = YES;
				CLANG_WARN_DEPRECATED_OBJC_IMPLEMENTATIONS = YES;
				CLANG_WARN_DIRECT_OBJC_ISA_USAGE = YES_ERROR;
				CLANG_WARN_DOCUMENTATION_COMMENTS = YES;
				CLANG_WARN_EMPTY_BODY = YES;
				CLANG_WARN_ENUM_CONVERSION = YES;
				CLANG_WARN_INFINITE_RECURSION = YES;
				CLANG_WARN_INT_CONVERSION = YES;
				CLANG_WARN_NON_LITERAL_NULL_CONVERSION = YES;
				CLANG_WARN_OBJC_IMPLICIT_RETAIN_SELF = YES;
				CLANG_WARN_OBJC_LITERAL_CONVERSION = YES;
				CLANG_WARN_OBJC_ROOT_CLASS = YES_ERROR;
				CLANG_WARN_RANGE_LOOP_ANALYSIS = YES;
				CLANG_WARN_STRICT_PROTOTYPES = YES;
				CLANG_WARN_SUSPICIOUS_MOVE = YES;
				CLANG_WARN_UNGUARDED_AVAILABILITY = YES_AGGRESSIVE;
				CLANG_WARN_UNREACHABLE_CODE = YES;
				CLANG_WARN__DUPLICATE_METHOD_MATCH = YES;
				COPY_PHASE_STRIP = NO;
				DEBUG_INFORMATION_FORMAT = dwarf;
				ENABLE_STRICT_OBJC_MSGSEND = YES;
				ENABLE_TESTABILITY = YES;
				GCC_C_LANGUAGE_STANDARD = gnu11;
				GCC_DYNAMIC_NO_PIC = NO;
				GCC_NO_COMMON_BLOCKS = YES;
				GCC_OPTIMIZATION_LEVEL = 0;
				GCC_PREPROCESSOR_DEFINITIONS = (
					"DEBUG=1",
					"$(inherited)",
				);
				GCC_WARN_64_TO_32_BIT_CONVERSION = YES;
				GCC_WARN_ABOUT_RETURN_TYPE = YES_ERROR;
				GCC_WARN_UNDECLARED_SELECTOR = YES;
				GCC_WARN_UNINITIALIZED_AUTOS = YES_AGGRESSIVE;
				GCC_WARN_UNUSED_FUNCTION = YES;
				GCC_WARN_UNUSED_VARIABLE = YES;
				IPHONEOS_DEPLOYMENT_TARGET = 13.2;
				MTL_ENABLE_DEBUG_INFO = INCLUDE_SOURCE;
				MTL_FAST_MATH = YES;
				ONLY_ACTIVE_ARCH = YES;
				SDKROOT = iphoneos;
				SWIFT_ACTIVE_COMPILATION_CONDITIONS = DEBUG;
				SWIFT_OPTIMIZATION_LEVEL = "-Onone";
			};
			name = Debug;
		};
		EEFC84C323EABB2C000ECAF8 /* Release */ = {
			isa = XCBuildConfiguration;
			buildSettings = {
				ALWAYS_SEARCH_USER_PATHS = NO;
				CLANG_ANALYZER_NONNULL = YES;
				CLANG_ANALYZER_NUMBER_OBJECT_CONVERSION = YES_AGGRESSIVE;
				CLANG_CXX_LANGUAGE_STANDARD = "gnu++14";
				CLANG_CXX_LIBRARY = "libc++";
				CLANG_ENABLE_MODULES = YES;
				CLANG_ENABLE_OBJC_ARC = YES;
				CLANG_ENABLE_OBJC_WEAK = YES;
				CLANG_WARN_BLOCK_CAPTURE_AUTORELEASING = YES;
				CLANG_WARN_BOOL_CONVERSION = YES;
				CLANG_WARN_COMMA = YES;
				CLANG_WARN_CONSTANT_CONVERSION = YES;
				CLANG_WARN_DEPRECATED_OBJC_IMPLEMENTATIONS = YES;
				CLANG_WARN_DIRECT_OBJC_ISA_USAGE = YES_ERROR;
				CLANG_WARN_DOCUMENTATION_COMMENTS = YES;
				CLANG_WARN_EMPTY_BODY = YES;
				CLANG_WARN_ENUM_CONVERSION = YES;
				CLANG_WARN_INFINITE_RECURSION = YES;
				CLANG_WARN_INT_CONVERSION = YES;
				CLANG_WARN_NON_LITERAL_NULL_CONVERSION = YES;
				CLANG_WARN_OBJC_IMPLICIT_RETAIN_SELF = YES;
				CLANG_WARN_OBJC_LITERAL_CONVERSION = YES;
				CLANG_WARN_OBJC_ROOT_CLASS = YES_ERROR;
				CLANG_WARN_RANGE_LOOP_ANALYSIS = YES;
				CLANG_WARN_STRICT_PROTOTYPES = YES;
				CLANG_WARN_SUSPICIOUS_MOVE = YES;
				CLANG_WARN_UNGUARDED_AVAILABILITY = YES_AGGRESSIVE;
				CLANG_WARN_UNREACHABLE_CODE = YES;
				CLANG_WARN__DUPLICATE_METHOD_MATCH = YES;
				COPY_PHASE_STRIP = NO;
				DEBUG_INFORMATION_FORMAT = "dwarf-with-dsym";
				ENABLE_NS_ASSERTIONS = NO;
				ENABLE_STRICT_OBJC_MSGSEND = YES;
				GCC_C_LANGUAGE_STANDARD = gnu11;
				GCC_NO_COMMON_BLOCKS = YES;
				GCC_WARN_64_TO_32_BIT_CONVERSION = YES;
				GCC_WARN_ABOUT_RETURN_TYPE = YES_ERROR;
				GCC_WARN_UNDECLARED_SELECTOR = YES;
				GCC_WARN_UNINITIALIZED_AUTOS = YES_AGGRESSIVE;
				GCC_WARN_UNUSED_FUNCTION = YES;
				GCC_WARN_UNUSED_VARIABLE = YES;
				IPHONEOS_DEPLOYMENT_TARGET = 13.2;
				MTL_ENABLE_DEBUG_INFO = NO;
				MTL_FAST_MATH = YES;
				SDKROOT = iphoneos;
				SWIFT_COMPILATION_MODE = wholemodule;
				SWIFT_OPTIMIZATION_LEVEL = "-O";
				VALIDATE_PRODUCT = YES;
			};
			name = Release;
		};
		EEFC84C523EABB2C000ECAF8 /* Debug */ = {
			isa = XCBuildConfiguration;
			buildSettings = {
				ASSETCATALOG_COMPILER_APPICON_NAME = AppIcon;
				CODE_SIGN_STYLE = Automatic;
				INFOPLIST_FILE = "NaviagtionDrawer(SlideInTransition)/Info.plist";
				LD_RUNPATH_SEARCH_PATHS = (
					"$(inherited)",
					"@executable_path/Frameworks",
				);
				PRODUCT_BUNDLE_IDENTIFIER = "RTS.NaviagtionDrawer-SlideInTransition-";
				PRODUCT_NAME = "$(TARGET_NAME)";
				SWIFT_VERSION = 5.0;
				TARGETED_DEVICE_FAMILY = "1,2";
			};
			name = Debug;
		};
		EEFC84C623EABB2C000ECAF8 /* Release */ = {
			isa = XCBuildConfiguration;
			buildSettings = {
				ASSETCATALOG_COMPILER_APPICON_NAME = AppIcon;
				CODE_SIGN_STYLE = Automatic;
				INFOPLIST_FILE = "NaviagtionDrawer(SlideInTransition)/Info.plist";
				LD_RUNPATH_SEARCH_PATHS = (
					"$(inherited)",
					"@executable_path/Frameworks",
				);
				PRODUCT_BUNDLE_IDENTIFIER = "RTS.NaviagtionDrawer-SlideInTransition-";
				PRODUCT_NAME = "$(TARGET_NAME)";
				SWIFT_VERSION = 5.0;
				TARGETED_DEVICE_FAMILY = "1,2";
			};
			name = Release;
		};
/* End XCBuildConfiguration section */

/* Begin XCConfigurationList section */
		EEFC84AB23EABB26000ECAF8 /* Build configuration list for PBXProject "NaviagtionDrawer(SlideInTransition)" */ = {
			isa = XCConfigurationList;
			buildConfigurations = (
				EEFC84C223EABB2C000ECAF8 /* Debug */,
				EEFC84C323EABB2C000ECAF8 /* Release */,
			);
			defaultConfigurationIsVisible = 0;
			defaultConfigurationName = Release;
		};
		EEFC84C423EABB2C000ECAF8 /* Build configuration list for PBXNativeTarget "NaviagtionDrawer(SlideInTransition)" */ = {
			isa = XCConfigurationList;
			buildConfigurations = (
				EEFC84C523EABB2C000ECAF8 /* Debug */,
				EEFC84C623EABB2C000ECAF8 /* Release */,
			);
			defaultConfigurationIsVisible = 0;
			defaultConfigurationName = Release;
		};
/* End XCConfigurationList section */
	};
	rootObject = EEFC84A823EABB26000ECAF8 /* Project object */;
}
